
Microsoft Visual Studio Solution File, Format Version 12.00
# Visual Studio Version 16
VisualStudioVersion = 16.0.31702.278
MinimumVisualStudioVersion = 10.0.40219.1
Project("{9A19103F-16F7-4668-BE54-9A1E7A4F7556}") = "MstnAPP", "MstnAPP\MstnAPP.csproj", "{C9E886D8-66F0-40BD-88B4-B9F744554518}"
EndProject
Project("{2150E333-8FDC-42A3-9474-1A3956D46DE8}") = "Tests", "Tests", "{97776147-6C83-49D2-B0BF-339181EEAD9F}"
EndProject
Project("{2150E333-8FDC-42A3-9474-1A3956D46DE8}") = "Services", "Services", "{20AE259F-6916-4DCA-85AB-FA2C73BECCA4}"
EndProject
Project("{2150E333-8FDC-42A3-9474-1A3956D46DE8}") = "Modules", "Modules", "{9426EDDC-C6AE-418A-9230-A035D0D7D2AB}"
EndProject
Project("{2150E333-8FDC-42A3-9474-1A3956D46DE8}") = "Page", "Page", "{3E67B7BC-FFE9-4590-99DB-A13E6EF7F3DE}"
EndProject
Project("{9A19103F-16F7-4668-BE54-9A1E7A4F7556}") = "MstnAPP.Modules.Page.Home", "Modules\Page\MstnAPP.Modules.Page.Home\MstnAPP.Modules.Page.Home.csproj", "{5B5670D7-84C0-41DF-A637-FF35A9C82E24}"
EndProject
Project("{2150E333-8FDC-42A3-9474-1A3956D46DE8}") = "Dialog", "Dialog", "{93A2B671-0CA9-4424-9649-531CBB588097}"
EndProject
Project("{9A19103F-16F7-4668-BE54-9A1E7A4F7556}") = "MstnAPP.Modules.Dialog.WeChat", "Modules\Dialog\MstnAPP.Modules.Dialog.WeChat\MstnAPP.Modules.Dialog.WeChat.csproj", "{DE0F8D8A-D9B6-4560-8BD0-B1C9F6791750}"
EndProject
Project("{9A19103F-16F7-4668-BE54-9A1E7A4F7556}") = "MstnAPP.Modules.Dialog.Feedback", "Modules\Dialog\MstnAPP.Modules.Dialog.Feedback\MstnAPP.Modules.Dialog.Feedback.csproj", "{D8E436F3-4968-4B16-ADD4-43A7EC1F547E}"
EndProject
Project("{9A19103F-16F7-4668-BE54-9A1E7A4F7556}") = "MstnAPP.Modules.Dialog.QQ", "Modules\Dialog\MstnAPP.Modules.Dialog.QQ\MstnAPP.Modules.Dialog.QQ.csproj", "{92BC349A-F8DD-4957-ACB0-FA512305D36A}"
EndProject
Project("{2150E333-8FDC-42A3-9474-1A3956D46DE8}") = "Sys", "Sys", "{9B3BF751-5909-4767-8B81-4400BCD4C935}"
EndProject
Project("{9A19103F-16F7-4668-BE54-9A1E7A4F7556}") = "MstnAPP.Services.Sys.Debug", "Services\Sys\MstnAPP.Services.Sys.Debug\MstnAPP.Services.Sys.Debug.csproj", "{458F17D8-A49E-4089-8F49-0E20AAA5282A}"
EndProject
Project("{9A19103F-16F7-4668-BE54-9A1E7A4F7556}") = "MstnAPP.Services.Sys.Process", "Services\Sys\MstnAPP.Services.Sys.Process\MstnAPP.Services.Sys.Process.csproj", "{282BA677-346B-4A08-881D-70D16A83061C}"
EndProject
Project("{2150E333-8FDC-42A3-9474-1A3956D46DE8}") = "DataFile", "DataFile", "{96303E84-ED8C-427A-A2EF-4EEC9CA9FEA7}"
EndProject
Project("{9A19103F-16F7-4668-BE54-9A1E7A4F7556}") = "MstnAPP.Modules.Page.RTThread", "Modules\Page\MstnAPP.Modules.Page.RTThread\MstnAPP.Modules.Page.RTThread.csproj", "{E8D411B9-B699-4F20-8610-4FB77CC132CE}"
EndProject
Project("{2150E333-8FDC-42A3-9474-1A3956D46DE8}") = "Driver", "Driver", "{AF220913-E51C-44C4-B17F-8AD0F1FB7E6F}"
EndProject
Project("{9A19103F-16F7-4668-BE54-9A1E7A4F7556}") = "MstnAPP.Services.Driver.Serial", "Services\Driver\MstnAPP.Services.Driver.Serial\MstnAPP.Services.Driver.Serial.csproj", "{AA920819-39DB-4ABC-B0BD-B633492EBF3A}"
EndProject
Project("{2150E333-8FDC-42A3-9474-1A3956D46DE8}") = "Event", "Event", "{A72343B7-32F2-4D60-8471-684BC7CA727A}"
EndProject
Project("{9A19103F-16F7-4668-BE54-9A1E7A4F7556}") = "MstnApp.Event.Core", "Event\MstnApp.Event.Core\MstnApp.Event.Core.csproj", "{FDCD27FE-1449-4E62-97B9-B6551C0389B7}"
EndProject
Project("{9A19103F-16F7-4668-BE54-9A1E7A4F7556}") = "MstnAPP.Services.Sys.IniFile", "Services\Sys\DataFile\MstnAPP.Services.Sys.IniFile\MstnAPP.Services.Sys.IniFile.csproj", "{E7B49A5A-F2D5-437A-A65B-1602FCF3A8D7}"
EndProject
Project("{9A19103F-16F7-4668-BE54-9A1E7A4F7556}") = "MstnAPP.Core", "MstnAPP.Core\MstnAPP.Core.csproj", "{7806FB64-7C1F-46EC-88A0-8CC88EC24B58}"
EndProject
Project("{9A19103F-16F7-4668-BE54-9A1E7A4F7556}") = "MstnAPP.Services.Sys.Util", "Services\Sys\MstnAPP.Services.Sys.Util\MstnAPP.Services.Sys.Util.csproj", "{F2B36E09-4641-47FD-895D-BA5BB8CC0D14}"
EndProject
Project("{9A19103F-16F7-4668-BE54-9A1E7A4F7556}") = "MstnAPP.Services.Sys.LogFile", "Services\Sys\DataFile\MstnAPP.Services.Sys.LogFlie\MstnAPP.Services.Sys.LogFile.csproj", "{8AFC5FDC-7522-4D5C-9F34-BBCB19279CB0}"
EndProject
Global
	GlobalSection(SolutionConfigurationPlatforms) = preSolution
		Debug|Any CPU = Debug|Any CPU
		Debug|ARM32 = Debug|ARM32
		Debug|ARM64 = Debug|ARM64
		Debug|x64 = Debug|x64
		Debug|x86 = Debug|x86
		Release|Any CPU = Release|Any CPU
		Release|ARM32 = Release|ARM32
		Release|ARM64 = Release|ARM64
		Release|x64 = Release|x64
		Release|x86 = Release|x86
	EndGlobalSection
	GlobalSection(ProjectConfigurationPlatforms) = postSolution
		{C9E886D8-66F0-40BD-88B4-B9F744554518}.Debug|Any CPU.ActiveCfg = Debug|Any CPU
		{C9E886D8-66F0-40BD-88B4-B9F744554518}.Debug|Any CPU.Build.0 = Debug|Any CPU
		{C9E886D8-66F0-40BD-88B4-B9F744554518}.Debug|ARM32.ActiveCfg = Debug|ARM32
		{C9E886D8-66F0-40BD-88B4-B9F744554518}.Debug|ARM32.Build.0 = Debug|ARM32
		{C9E886D8-66F0-40BD-88B4-B9F744554518}.Debug|ARM64.ActiveCfg = Debug|ARM64
		{C9E886D8-66F0-40BD-88B4-B9F744554518}.Debug|ARM64.Build.0 = Debug|ARM64
		{C9E886D8-66F0-40BD-88B4-B9F744554518}.Debug|x64.ActiveCfg = Debug|x64
		{C9E886D8-66F0-40BD-88B4-B9F744554518}.Debug|x64.Build.0 = Debug|x64
		{C9E886D8-66F0-40BD-88B4-B9F744554518}.Debug|x86.ActiveCfg = Debug|x86
		{C9E886D8-66F0-40BD-88B4-B9F744554518}.Debug|x86.Build.0 = Debug|x86
		{C9E886D8-66F0-40BD-88B4-B9F744554518}.Release|Any CPU.ActiveCfg = Release|Any CPU
		{C9E886D8-66F0-40BD-88B4-B9F744554518}.Release|Any CPU.Build.0 = Release|Any CPU
		{C9E886D8-66F0-40BD-88B4-B9F744554518}.Release|ARM32.ActiveCfg = Release|ARM32
		{C9E886D8-66F0-40BD-88B4-B9F744554518}.Release|ARM32.Build.0 = Release|ARM32
		{C9E886D8-66F0-40BD-88B4-B9F744554518}.Release|ARM64.ActiveCfg = Release|ARM64
		{C9E886D8-66F0-40BD-88B4-B9F744554518}.Release|ARM64.Build.0 = Release|ARM64
		{C9E886D8-66F0-40BD-88B4-B9F744554518}.Release|x64.ActiveCfg = Release|x64
		{C9E886D8-66F0-40BD-88B4-B9F744554518}.Release|x64.Build.0 = Release|x64
		{C9E886D8-66F0-40BD-88B4-B9F744554518}.Release|x86.ActiveCfg = Release|x86
		{C9E886D8-66F0-40BD-88B4-B9F744554518}.Release|x86.Build.0 = Release|x86
		{5B5670D7-84C0-41DF-A637-FF35A9C82E24}.Debug|Any CPU.ActiveCfg = Debug|Any CPU
		{5B5670D7-84C0-41DF-A637-FF35A9C82E24}.Debug|Any CPU.Build.0 = Debug|Any CPU
		{5B5670D7-84C0-41DF-A637-FF35A9C82E24}.Debug|ARM32.ActiveCfg = Debug|Any CPU
		{5B5670D7-84C0-41DF-A637-FF35A9C82E24}.Debug|ARM32.Build.0 = Debug|Any CPU
		{5B5670D7-84C0-41DF-A637-FF35A9C82E24}.Debug|ARM64.ActiveCfg = Debug|Any CPU
		{5B5670D7-84C0-41DF-A637-FF35A9C82E24}.Debug|ARM64.Build.0 = Debug|Any CPU
		{5B5670D7-84C0-41DF-A637-FF35A9C82E24}.Debug|x64.ActiveCfg = Debug|x64
		{5B5670D7-84C0-41DF-A637-FF35A9C82E24}.Debug|x64.Build.0 = Debug|x64
		{5B5670D7-84C0-41DF-A637-FF35A9C82E24}.Debug|x86.ActiveCfg = Debug|x86
		{5B5670D7-84C0-41DF-A637-FF35A9C82E24}.Debug|x86.Build.0 = Debug|x86
		{5B5670D7-84C0-41DF-A637-FF35A9C82E24}.Release|Any CPU.ActiveCfg = Release|Any CPU
		{5B5670D7-84C0-41DF-A637-FF35A9C82E24}.Release|Any CPU.Build.0 = Release|Any CPU
		{5B5670D7-84C0-41DF-A637-FF35A9C82E24}.Release|ARM32.ActiveCfg = Release|Any CPU
		{5B5670D7-84C0-41DF-A637-FF35A9C82E24}.Release|ARM32.Build.0 = Release|Any CPU
		{5B5670D7-84C0-41DF-A637-FF35A9C82E24}.Release|ARM64.ActiveCfg = Release|Any CPU
		{5B5670D7-84C0-41DF-A637-FF35A9C82E24}.Release|ARM64.Build.0 = Release|Any CPU
		{5B5670D7-84C0-41DF-A637-FF35A9C82E24}.Release|x64.ActiveCfg = Release|Any CPU
		{5B5670D7-84C0-41DF-A637-FF35A9C82E24}.Release|x64.Build.0 = Release|Any CPU
		{5B5670D7-84C0-41DF-A637-FF35A9C82E24}.Release|x86.ActiveCfg = Release|Any CPU
		{5B5670D7-84C0-41DF-A637-FF35A9C82E24}.Release|x86.Build.0 = Release|Any CPU
		{DE0F8D8A-D9B6-4560-8BD0-B1C9F6791750}.Debug|Any CPU.ActiveCfg = Debug|Any CPU
		{DE0F8D8A-D9B6-4560-8BD0-B1C9F6791750}.Debug|Any CPU.Build.0 = Debug|Any CPU
		{DE0F8D8A-D9B6-4560-8BD0-B1C9F6791750}.Debug|ARM32.ActiveCfg = Debug|Any CPU
		{DE0F8D8A-D9B6-4560-8BD0-B1C9F6791750}.Debug|ARM32.Build.0 = Debug|Any CPU
		{DE0F8D8A-D9B6-4560-8BD0-B1C9F6791750}.Debug|ARM64.ActiveCfg = Debug|Any CPU
		{DE0F8D8A-D9B6-4560-8BD0-B1C9F6791750}.Debug|ARM64.Build.0 = Debug|Any CPU
		{DE0F8D8A-D9B6-4560-8BD0-B1C9F6791750}.Debug|x64.ActiveCfg = Debug|x64
		{DE0F8D8A-D9B6-4560-8BD0-B1C9F6791750}.Debug|x64.Build.0 = Debug|x64
		{DE0F8D8A-D9B6-4560-8BD0-B1C9F6791750}.Debug|x86.ActiveCfg = Debug|x86
		{DE0F8D8A-D9B6-4560-8BD0-B1C9F6791750}.Debug|x86.Build.0 = Debug|x86
		{DE0F8D8A-D9B6-4560-8BD0-B1C9F6791750}.Release|Any CPU.ActiveCfg = Release|Any CPU
		{DE0F8D8A-D9B6-4560-8BD0-B1C9F6791750}.Release|Any CPU.Build.0 = Release|Any CPU
		{DE0F8D8A-D9B6-4560-8BD0-B1C9F6791750}.Release|ARM32.ActiveCfg = Release|Any CPU
		{DE0F8D8A-D9B6-4560-8BD0-B1C9F6791750}.Release|ARM32.Build.0 = Release|Any CPU
		{DE0F8D8A-D9B6-4560-8BD0-B1C9F6791750}.Release|ARM64.ActiveCfg = Release|Any CPU
		{DE0F8D8A-D9B6-4560-8BD0-B1C9F6791750}.Release|ARM64.Build.0 = Release|Any CPU
		{DE0F8D8A-D9B6-4560-8BD0-B1C9F6791750}.Release|x64.ActiveCfg = Release|Any CPU
		{DE0F8D8A-D9B6-4560-8BD0-B1C9F6791750}.Release|x64.Build.0 = Release|Any CPU
		{DE0F8D8A-D9B6-4560-8BD0-B1C9F6791750}.Release|x86.ActiveCfg = Release|Any CPU
		{DE0F8D8A-D9B6-4560-8BD0-B1C9F6791750}.Release|x86.Build.0 = Release|Any CPU
		{D8E436F3-4968-4B16-ADD4-43A7EC1F547E}.Debug|Any CPU.ActiveCfg = Debug|Any CPU
		{D8E436F3-4968-4B16-ADD4-43A7EC1F547E}.Debug|Any CPU.Build.0 = Debug|Any CPU
		{D8E436F3-4968-4B16-ADD4-43A7EC1F547E}.Debug|ARM32.ActiveCfg = Debug|ARM32
		{D8E436F3-4968-4B16-ADD4-43A7EC1F547E}.Debug|ARM32.Build.0 = Debug|ARM32
		{D8E436F3-4968-4B16-ADD4-43A7EC1F547E}.Debug|ARM64.ActiveCfg = Debug|ARM64
		{D8E436F3-4968-4B16-ADD4-43A7EC1F547E}.Debug|ARM64.Build.0 = Debug|ARM64
		{D8E436F3-4968-4B16-ADD4-43A7EC1F547E}.Debug|x64.ActiveCfg = Debug|x64
		{D8E436F3-4968-4B16-ADD4-43A7EC1F547E}.Debug|x64.Build.0 = Debug|x64
		{D8E436F3-4968-4B16-ADD4-43A7EC1F547E}.Debug|x86.ActiveCfg = Debug|x86
		{D8E436F3-4968-4B16-ADD4-43A7EC1F547E}.Debug|x86.Build.0 = Debug|x86
		{D8E436F3-4968-4B16-ADD4-43A7EC1F547E}.Release|Any CPU.ActiveCfg = Release|Any CPU
		{D8E436F3-4968-4B16-ADD4-43A7EC1F547E}.Release|Any CPU.Build.0 = Release|Any CPU
		{D8E436F3-4968-4B16-ADD4-43A7EC1F547E}.Release|ARM32.ActiveCfg = Release|ARM32
		{D8E436F3-4968-4B16-ADD4-43A7EC1F547E}.Release|ARM32.Build.0 = Release|ARM32
		{D8E436F3-4968-4B16-ADD4-43A7EC1F547E}.Release|ARM64.ActiveCfg = Release|ARM64
		{D8E436F3-4968-4B16-ADD4-43A7EC1F547E}.Release|ARM64.Build.0 = Release|ARM64
		{D8E436F3-4968-4B16-ADD4-43A7EC1F547E}.Release|x64.ActiveCfg = Release|x64
		{D8E436F3-4968-4B16-ADD4-43A7EC1F547E}.Release|x64.Build.0 = Release|x64
		{D8E436F3-4968-4B16-ADD4-43A7EC1F547E}.Release|x86.ActiveCfg = Release|x86
		{D8E436F3-4968-4B16-ADD4-43A7EC1F547E}.Release|x86.Build.0 = Release|x86
		{92BC349A-F8DD-4957-ACB0-FA512305D36A}.Debug|Any CPU.ActiveCfg = Debug|Any CPU
		{92BC349A-F8DD-4957-ACB0-FA512305D36A}.Debug|Any CPU.Build.0 = Debug|Any CPU
		{92BC349A-F8DD-4957-ACB0-FA512305D36A}.Debug|ARM32.ActiveCfg = Debug|Any CPU
		{92BC349A-F8DD-4957-ACB0-FA512305D36A}.Debug|ARM32.Build.0 = Debug|Any CPU
		{92BC349A-F8DD-4957-ACB0-FA512305D36A}.Debug|ARM64.ActiveCfg = Debug|Any CPU
		{92BC349A-F8DD-4957-ACB0-FA512305D36A}.Debug|ARM64.Build.0 = Debug|Any CPU
		{92BC349A-F8DD-4957-ACB0-FA512305D36A}.Debug|x64.ActiveCfg = Debug|Any CPU
		{92BC349A-F8DD-4957-ACB0-FA512305D36A}.Debug|x64.Build.0 = Debug|Any CPU
		{92BC349A-F8DD-4957-ACB0-FA512305D36A}.Debug|x86.ActiveCfg = Debug|x86
		{92BC349A-F8DD-4957-ACB0-FA512305D36A}.Debug|x86.Build.0 = Debug|x86
		{92BC349A-F8DD-4957-ACB0-FA512305D36A}.Release|Any CPU.ActiveCfg = Release|Any CPU
		{92BC349A-F8DD-4957-ACB0-FA512305D36A}.Release|Any CPU.Build.0 = Release|Any CPU
		{92BC349A-F8DD-4957-ACB0-FA512305D36A}.Release|ARM32.ActiveCfg = Release|Any CPU
		{92BC349A-F8DD-4957-ACB0-FA512305D36A}.Release|ARM32.Build.0 = Release|Any CPU
		{92BC349A-F8DD-4957-ACB0-FA512305D36A}.Release|ARM64.ActiveCfg = Release|Any CPU
		{92BC349A-F8DD-4957-ACB0-FA512305D36A}.Release|ARM64.Build.0 = Release|Any CPU
		{92BC349A-F8DD-4957-ACB0-FA512305D36A}.Release|x64.ActiveCfg = Release|Any CPU
		{92BC349A-F8DD-4957-ACB0-FA512305D36A}.Release|x64.Build.0 = Release|Any CPU
		{92BC349A-F8DD-4957-ACB0-FA512305D36A}.Release|x86.ActiveCfg = Release|Any CPU
		{92BC349A-F8DD-4957-ACB0-FA512305D36A}.Release|x86.Build.0 = Release|Any CPU
		{458F17D8-A49E-4089-8F49-0E20AAA5282A}.Debug|Any CPU.ActiveCfg = Debug|Any CPU
		{458F17D8-A49E-4089-8F49-0E20AAA5282A}.Debug|Any CPU.Build.0 = Debug|Any CPU
		{458F17D8-A49E-4089-8F49-0E20AAA5282A}.Debug|ARM32.ActiveCfg = Debug|ARM32
		{458F17D8-A49E-4089-8F49-0E20AAA5282A}.Debug|ARM32.Build.0 = Debug|ARM32
		{458F17D8-A49E-4089-8F49-0E20AAA5282A}.Debug|ARM64.ActiveCfg = Debug|ARM64
		{458F17D8-A49E-4089-8F49-0E20AAA5282A}.Debug|ARM64.Build.0 = Debug|ARM64
		{458F17D8-A49E-4089-8F49-0E20AAA5282A}.Debug|x64.ActiveCfg = Debug|x64
		{458F17D8-A49E-4089-8F49-0E20AAA5282A}.Debug|x64.Build.0 = Debug|x64
		{458F17D8-A49E-4089-8F49-0E20AAA5282A}.Debug|x86.ActiveCfg = Debug|x86
		{458F17D8-A49E-4089-8F49-0E20AAA5282A}.Debug|x86.Build.0 = Debug|x86
		{458F17D8-A49E-4089-8F49-0E20AAA5282A}.Release|Any CPU.ActiveCfg = Release|Any CPU
		{458F17D8-A49E-4089-8F49-0E20AAA5282A}.Release|Any CPU.Build.0 = Release|Any CPU
		{458F17D8-A49E-4089-8F49-0E20AAA5282A}.Release|ARM32.ActiveCfg = Release|ARM32
		{458F17D8-A49E-4089-8F49-0E20AAA5282A}.Release|ARM32.Build.0 = Release|ARM32
		{458F17D8-A49E-4089-8F49-0E20AAA5282A}.Release|ARM64.ActiveCfg = Release|ARM64
		{458F17D8-A49E-4089-8F49-0E20AAA5282A}.Release|ARM64.Build.0 = Release|ARM64
		{458F17D8-A49E-4089-8F49-0E20AAA5282A}.Release|x64.ActiveCfg = Release|x64
		{458F17D8-A49E-4089-8F49-0E20AAA5282A}.Release|x64.Build.0 = Release|x64
		{458F17D8-A49E-4089-8F49-0E20AAA5282A}.Release|x86.ActiveCfg = Release|x86
		{458F17D8-A49E-4089-8F49-0E20AAA5282A}.Release|x86.Build.0 = Release|x86
		{282BA677-346B-4A08-881D-70D16A83061C}.Debug|Any CPU.ActiveCfg = Debug|Any CPU
		{282BA677-346B-4A08-881D-70D16A83061C}.Debug|Any CPU.Build.0 = Debug|Any CPU
		{282BA677-346B-4A08-881D-70D16A83061C}.Debug|ARM32.ActiveCfg = Debug|ARM32
		{282BA677-346B-4A08-881D-70D16A83061C}.Debug|ARM32.Build.0 = Debug|ARM32
		{282BA677-346B-4A08-881D-70D16A83061C}.Debug|ARM64.ActiveCfg = Debug|ARM64
		{282BA677-346B-4A08-881D-70D16A83061C}.Debug|ARM64.Build.0 = Debug|ARM64
		{282BA677-346B-4A08-881D-70D16A83061C}.Debug|x64.ActiveCfg = Debug|x64
		{282BA677-346B-4A08-881D-70D16A83061C}.Debug|x64.Build.0 = Debug|x64
		{282BA677-346B-4A08-881D-70D16A83061C}.Debug|x86.ActiveCfg = Debug|x86
		{282BA677-346B-4A08-881D-70D16A83061C}.Debug|x86.Build.0 = Debug|x86
		{282BA677-346B-4A08-881D-70D16A83061C}.Release|Any CPU.ActiveCfg = Release|Any CPU
		{282BA677-346B-4A08-881D-70D16A83061C}.Release|Any CPU.Build.0 = Release|Any CPU
		{282BA677-346B-4A08-881D-70D16A83061C}.Release|ARM32.ActiveCfg = Release|ARM32
		{282BA677-346B-4A08-881D-70D16A83061C}.Release|ARM32.Build.0 = Release|ARM32
		{282BA677-346B-4A08-881D-70D16A83061C}.Release|ARM64.ActiveCfg = Release|ARM64
		{282BA677-346B-4A08-881D-70D16A83061C}.Release|ARM64.Build.0 = Release|ARM64
		{282BA677-346B-4A08-881D-70D16A83061C}.Release|x64.ActiveCfg = Release|x64
		{282BA677-346B-4A08-881D-70D16A83061C}.Release|x64.Build.0 = Release|x64
		{282BA677-346B-4A08-881D-70D16A83061C}.Release|x86.ActiveCfg = Release|x86
		{282BA677-346B-4A08-881D-70D16A83061C}.Release|x86.Build.0 = Release|x86
		{E8D411B9-B699-4F20-8610-4FB77CC132CE}.Debug|Any CPU.ActiveCfg = Debug|Any CPU
		{E8D411B9-B699-4F20-8610-4FB77CC132CE}.Debug|Any CPU.Build.0 = Debug|Any CPU
		{E8D411B9-B699-4F20-8610-4FB77CC132CE}.Debug|ARM32.ActiveCfg = Debug|Any CPU
		{E8D411B9-B699-4F20-8610-4FB77CC132CE}.Debug|ARM32.Build.0 = Debug|Any CPU
		{E8D411B9-B699-4F20-8610-4FB77CC132CE}.Debug|ARM64.ActiveCfg = Debug|Any CPU
		{E8D411B9-B699-4F20-8610-4FB77CC132CE}.Debug|ARM64.Build.0 = Debug|Any CPU
		{E8D411B9-B699-4F20-8610-4FB77CC132CE}.Debug|x64.ActiveCfg = Debug|Any CPU
		{E8D411B9-B699-4F20-8610-4FB77CC132CE}.Debug|x64.Build.0 = Debug|Any CPU
		{E8D411B9-B699-4F20-8610-4FB77CC132CE}.Debug|x86.ActiveCfg = Debug|x86
		{E8D411B9-B699-4F20-8610-4FB77CC132CE}.Debug|x86.Build.0 = Debug|x86
		{E8D411B9-B699-4F20-8610-4FB77CC132CE}.Release|Any CPU.ActiveCfg = Release|Any CPU
		{E8D411B9-B699-4F20-8610-4FB77CC132CE}.Release|Any CPU.Build.0 = Release|Any CPU
		{E8D411B9-B699-4F20-8610-4FB77CC132CE}.Release|ARM32.ActiveCfg = Release|Any CPU
		{E8D411B9-B699-4F20-8610-4FB77CC132CE}.Release|ARM32.Build.0 = Release|Any CPU
		{E8D411B9-B699-4F20-8610-4FB77CC132CE}.Release|ARM64.ActiveCfg = Release|Any CPU
		{E8D411B9-B699-4F20-8610-4FB77CC132CE}.Release|ARM64.Build.0 = Release|Any CPU
		{E8D411B9-B699-4F20-8610-4FB77CC132CE}.Release|x64.ActiveCfg = Release|Any CPU
		{E8D411B9-B699-4F20-8610-4FB77CC132CE}.Release|x64.Build.0 = Release|Any CPU
		{E8D411B9-B699-4F20-8610-4FB77CC132CE}.Release|x86.ActiveCfg = Release|Any CPU
		{E8D411B9-B699-4F20-8610-4FB77CC132CE}.Release|x86.Build.0 = Release|Any CPU
		{AA920819-39DB-4ABC-B0BD-B633492EBF3A}.Debug|Any CPU.ActiveCfg = Debug|Any CPU
		{AA920819-39DB-4ABC-B0BD-B633492EBF3A}.Debug|Any CPU.Build.0 = Debug|Any CPU
		{AA920819-39DB-4ABC-B0BD-B633492EBF3A}.Debug|ARM32.ActiveCfg = Debug|Any CPU
		{AA920819-39DB-4ABC-B0BD-B633492EBF3A}.Debug|ARM32.Build.0 = Debug|Any CPU
		{AA920819-39DB-4ABC-B0BD-B633492EBF3A}.Debug|ARM64.ActiveCfg = Debug|Any CPU
		{AA920819-39DB-4ABC-B0BD-B633492EBF3A}.Debug|ARM64.Build.0 = Debug|Any CPU
		{AA920819-39DB-4ABC-B0BD-B633492EBF3A}.Debug|x64.ActiveCfg = Debug|Any CPU
		{AA920819-39DB-4ABC-B0BD-B633492EBF3A}.Debug|x64.Build.0 = Debug|Any CPU
		{AA920819-39DB-4ABC-B0BD-B633492EBF3A}.Debug|x86.ActiveCfg = Debug|x86
		{AA920819-39DB-4ABC-B0BD-B633492EBF3A}.Debug|x86.Build.0 = Debug|x86
		{AA920819-39DB-4ABC-B0BD-B633492EBF3A}.Release|Any CPU.ActiveCfg = Release|Any CPU
		{AA920819-39DB-4ABC-B0BD-B633492EBF3A}.Release|Any CPU.Build.0 = Release|Any CPU
		{AA920819-39DB-4ABC-B0BD-B633492EBF3A}.Release|ARM32.ActiveCfg = Release|Any CPU
		{AA920819-39DB-4ABC-B0BD-B633492EBF3A}.Release|ARM32.Build.0 = Release|Any CPU
		{AA920819-39DB-4ABC-B0BD-B633492EBF3A}.Release|ARM64.ActiveCfg = Release|Any CPU
		{AA920819-39DB-4ABC-B0BD-B633492EBF3A}.Release|ARM64.Build.0 = Release|Any CPU
		{AA920819-39DB-4ABC-B0BD-B633492EBF3A}.Release|x64.ActiveCfg = Release|Any CPU
		{AA920819-39DB-4ABC-B0BD-B633492EBF3A}.Release|x64.Build.0 = Release|Any CPU
		{AA920819-39DB-4ABC-B0BD-B633492EBF3A}.Release|x86.ActiveCfg = Release|Any CPU
		{AA920819-39DB-4ABC-B0BD-B633492EBF3A}.Release|x86.Build.0 = Release|Any CPU
		{FDCD27FE-1449-4E62-97B9-B6551C0389B7}.Debug|Any CPU.ActiveCfg = Debug|Any CPU
		{FDCD27FE-1449-4E62-97B9-B6551C0389B7}.Debug|Any CPU.Build.0 = Debug|Any CPU
		{FDCD27FE-1449-4E62-97B9-B6551C0389B7}.Debug|ARM32.ActiveCfg = Debug|Any CPU
		{FDCD27FE-1449-4E62-97B9-B6551C0389B7}.Debug|ARM32.Build.0 = Debug|Any CPU
		{FDCD27FE-1449-4E62-97B9-B6551C0389B7}.Debug|ARM64.ActiveCfg = Debug|Any CPU
		{FDCD27FE-1449-4E62-97B9-B6551C0389B7}.Debug|ARM64.Build.0 = Debug|Any CPU
		{FDCD27FE-1449-4E62-97B9-B6551C0389B7}.Debug|x64.ActiveCfg = Debug|Any CPU
		{FDCD27FE-1449-4E62-97B9-B6551C0389B7}.Debug|x64.Build.0 = Debug|Any CPU
		{FDCD27FE-1449-4E62-97B9-B6551C0389B7}.Debug|x86.ActiveCfg = Debug|x86
		{FDCD27FE-1449-4E62-97B9-B6551C0389B7}.Debug|x86.Build.0 = Debug|x86
		{FDCD27FE-1449-4E62-97B9-B6551C0389B7}.Release|Any CPU.ActiveCfg = Release|Any CPU
		{FDCD27FE-1449-4E62-97B9-B6551C0389B7}.Release|Any CPU.Build.0 = Release|Any CPU
		{FDCD27FE-1449-4E62-97B9-B6551C0389B7}.Release|ARM32.ActiveCfg = Release|Any CPU
		{FDCD27FE-1449-4E62-97B9-B6551C0389B7}.Release|ARM32.Build.0 = Release|Any CPU
		{FDCD27FE-1449-4E62-97B9-B6551C0389B7}.Release|ARM64.ActiveCfg = Release|Any CPU
		{FDCD27FE-1449-4E62-97B9-B6551C0389B7}.Release|ARM64.Build.0 = Release|Any CPU
		{FDCD27FE-1449-4E62-97B9-B6551C0389B7}.Release|x64.ActiveCfg = Release|Any CPU
		{FDCD27FE-1449-4E62-97B9-B6551C0389B7}.Release|x64.Build.0 = Release|Any CPU
		{FDCD27FE-1449-4E62-97B9-B6551C0389B7}.Release|x86.ActiveCfg = Release|Any CPU
		{FDCD27FE-1449-4E62-97B9-B6551C0389B7}.Release|x86.Build.0 = Release|Any CPU
		{E7B49A5A-F2D5-437A-A65B-1602FCF3A8D7}.Debug|Any CPU.ActiveCfg = Debug|Any CPU
		{E7B49A5A-F2D5-437A-A65B-1602FCF3A8D7}.Debug|Any CPU.Build.0 = Debug|Any CPU
		{E7B49A5A-F2D5-437A-A65B-1602FCF3A8D7}.Debug|ARM32.ActiveCfg = Debug|ARM32
		{E7B49A5A-F2D5-437A-A65B-1602FCF3A8D7}.Debug|ARM32.Build.0 = Debug|ARM32
		{E7B49A5A-F2D5-437A-A65B-1602FCF3A8D7}.Debug|ARM64.ActiveCfg = Debug|ARM64
		{E7B49A5A-F2D5-437A-A65B-1602FCF3A8D7}.Debug|ARM64.Build.0 = Debug|ARM64
		{E7B49A5A-F2D5-437A-A65B-1602FCF3A8D7}.Debug|x64.ActiveCfg = Debug|x64
		{E7B49A5A-F2D5-437A-A65B-1602FCF3A8D7}.Debug|x64.Build.0 = Debug|x64
		{E7B49A5A-F2D5-437A-A65B-1602FCF3A8D7}.Debug|x86.ActiveCfg = Debug|x86
		{E7B49A5A-F2D5-437A-A65B-1602FCF3A8D7}.Debug|x86.Build.0 = Debug|x86
		{E7B49A5A-F2D5-437A-A65B-1602FCF3A8D7}.Release|Any CPU.ActiveCfg = Release|Any CPU
		{E7B49A5A-F2D5-437A-A65B-1602FCF3A8D7}.Release|Any CPU.Build.0 = Release|Any CPU
		{E7B49A5A-F2D5-437A-A65B-1602FCF3A8D7}.Release|ARM32.ActiveCfg = Release|ARM32
		{E7B49A5A-F2D5-437A-A65B-1602FCF3A8D7}.Release|ARM32.Build.0 = Release|ARM32
		{E7B49A5A-F2D5-437A-A65B-1602FCF3A8D7}.Release|ARM64.ActiveCfg = Release|ARM64
		{E7B49A5A-F2D5-437A-A65B-1602FCF3A8D7}.Release|ARM64.Build.0 = Release|ARM64
		{E7B49A5A-F2D5-437A-A65B-1602FCF3A8D7}.Release|x64.ActiveCfg = Release|x64
		{E7B49A5A-F2D5-437A-A65B-1602FCF3A8D7}.Release|x64.Build.0 = Release|x64
		{E7B49A5A-F2D5-437A-A65B-1602FCF3A8D7}.Release|x86.ActiveCfg = Release|x86
		{E7B49A5A-F2D5-437A-A65B-1602FCF3A8D7}.Release|x86.Build.0 = Release|x86
		{7806FB64-7C1F-46EC-88A0-8CC88EC24B58}.Debug|Any CPU.ActiveCfg = Debug|Any CPU
		{7806FB64-7C1F-46EC-88A0-8CC88EC24B58}.Debug|Any CPU.Build.0 = Debug|Any CPU
		{7806FB64-7C1F-46EC-88A0-8CC88EC24B58}.Debug|ARM32.ActiveCfg = Debug|Any CPU
		{7806FB64-7C1F-46EC-88A0-8CC88EC24B58}.Debug|ARM32.Build.0 = Debug|Any CPU
		{7806FB64-7C1F-46EC-88A0-8CC88EC24B58}.Debug|ARM64.ActiveCfg = Debug|Any CPU
		{7806FB64-7C1F-46EC-88A0-8CC88EC24B58}.Debug|ARM64.Build.0 = Debug|Any CPU
		{7806FB64-7C1F-46EC-88A0-8CC88EC24B58}.Debug|x64.ActiveCfg = Debug|Any CPU
		{7806FB64-7C1F-46EC-88A0-8CC88EC24B58}.Debug|x64.Build.0 = Debug|Any CPU
		{7806FB64-7C1F-46EC-88A0-8CC88EC24B58}.Debug|x86.ActiveCfg = Debug|x86
		{7806FB64-7C1F-46EC-88A0-8CC88EC24B58}.Debug|x86.Build.0 = Debug|x86
		{7806FB64-7C1F-46EC-88A0-8CC88EC24B58}.Release|Any CPU.ActiveCfg = Release|Any CPU
		{7806FB64-7C1F-46EC-88A0-8CC88EC24B58}.Release|Any CPU.Build.0 = Release|Any CPU
		{7806FB64-7C1F-46EC-88A0-8CC88EC24B58}.Release|ARM32.ActiveCfg = Release|Any CPU
		{7806FB64-7C1F-46EC-88A0-8CC88EC24B58}.Release|ARM32.Build.0 = Release|Any CPU
		{7806FB64-7C1F-46EC-88A0-8CC88EC24B58}.Release|ARM64.ActiveCfg = Release|Any CPU
		{7806FB64-7C1F-46EC-88A0-8CC88EC24B58}.Release|ARM64.Build.0 = Release|Any CPU
		{7806FB64-7C1F-46EC-88A0-8CC88EC24B58}.Release|x64.ActiveCfg = Release|Any CPU
		{7806FB64-7C1F-46EC-88A0-8CC88EC24B58}.Release|x64.Build.0 = Release|Any CPU
		{7806FB64-7C1F-46EC-88A0-8CC88EC24B58}.Release|x86.ActiveCfg = Release|Any CPU
		{7806FB64-7C1F-46EC-88A0-8CC88EC24B58}.Release|x86.Build.0 = Release|Any CPU
		{F2B36E09-4641-47FD-895D-BA5BB8CC0D14}.Debug|Any CPU.ActiveCfg = Debug|Any CPU
		{F2B36E09-4641-47FD-895D-BA5BB8CC0D14}.Debug|Any CPU.Build.0 = Debug|Any CPU
		{F2B36E09-4641-47FD-895D-BA5BB8CC0D14}.Debug|ARM32.ActiveCfg = Debug|ARM32
		{F2B36E09-4641-47FD-895D-BA5BB8CC0D14}.Debug|ARM32.Build.0 = Debug|ARM32
		{F2B36E09-4641-47FD-895D-BA5BB8CC0D14}.Debug|ARM64.ActiveCfg = Debug|ARM64
		{F2B36E09-4641-47FD-895D-BA5BB8CC0D14}.Debug|ARM64.Build.0 = Debug|ARM64
		{F2B36E09-4641-47FD-895D-BA5BB8CC0D14}.Debug|x64.ActiveCfg = Debug|x64
		{F2B36E09-4641-47FD-895D-BA5BB8CC0D14}.Debug|x64.Build.0 = Debug|x64
		{F2B36E09-4641-47FD-895D-BA5BB8CC0D14}.Debug|x86.ActiveCfg = Debug|x86
		{F2B36E09-4641-47FD-895D-BA5BB8CC0D14}.Debug|x86.Build.0 = Debug|x86
		{F2B36E09-4641-47FD-895D-BA5BB8CC0D14}.Release|Any CPU.ActiveCfg = Release|Any CPU
		{F2B36E09-4641-47FD-895D-BA5BB8CC0D14}.Release|Any CPU.Build.0 = Release|Any CPU
		{F2B36E09-4641-47FD-895D-BA5BB8CC0D14}.Release|ARM32.ActiveCfg = Release|ARM32
		{F2B36E09-4641-47FD-895D-BA5BB8CC0D14}.Release|ARM32.Build.0 = Release|ARM32
		{F2B36E09-4641-47FD-895D-BA5BB8CC0D14}.Release|ARM64.ActiveCfg = Release|ARM64
		{F2B36E09-4641-47FD-895D-BA5BB8CC0D14}.Release|ARM64.Build.0 = Release|ARM64
		{F2B36E09-4641-47FD-895D-BA5BB8CC0D14}.Release|x64.ActiveCfg = Release|x64
		{F2B36E09-4641-47FD-895D-BA5BB8CC0D14}.Release|x64.Build.0 = Release|x64
		{F2B36E09-4641-47FD-895D-BA5BB8CC0D14}.Release|x86.ActiveCfg = Release|x86
		{F2B36E09-4641-47FD-895D-BA5BB8CC0D14}.Release|x86.Build.0 = Release|x86
		{8AFC5FDC-7522-4D5C-9F34-BBCB19279CB0}.Debug|Any CPU.ActiveCfg = Debug|Any CPU
		{8AFC5FDC-7522-4D5C-9F34-BBCB19279CB0}.Debug|Any CPU.Build.0 = Debug|Any CPU
		{8AFC5FDC-7522-4D5C-9F34-BBCB19279CB0}.Debug|ARM32.ActiveCfg = Debug|ARM32
		{8AFC5FDC-7522-4D5C-9F34-BBCB19279CB0}.Debug|ARM32.Build.0 = Debug|ARM32
		{8AFC5FDC-7522-4D5C-9F34-BBCB19279CB0}.Debug|ARM64.ActiveCfg = Debug|ARM64
		{8AFC5FDC-7522-4D5C-9F34-BBCB19279CB0}.Debug|ARM64.Build.0 = Debug|ARM64
		{8AFC5FDC-7522-4D5C-9F34-BBCB19279CB0}.Debug|x64.ActiveCfg = Debug|x64
		{8AFC5FDC-7522-4D5C-9F34-BBCB19279CB0}.Debug|x64.Build.0 = Debug|x64
		{8AFC5FDC-7522-4D5C-9F34-BBCB19279CB0}.Debug|x86.ActiveCfg = Debug|x86
		{8AFC5FDC-7522-4D5C-9F34-BBCB19279CB0}.Debug|x86.Build.0 = Debug|x86
		{8AFC5FDC-7522-4D5C-9F34-BBCB19279CB0}.Release|Any CPU.ActiveCfg = Release|Any CPU
		{8AFC5FDC-7522-4D5C-9F34-BBCB19279CB0}.Release|Any CPU.Build.0 = Release|Any CPU
		{8AFC5FDC-7522-4D5C-9F34-BBCB19279CB0}.Release|ARM32.ActiveCfg = Release|ARM32
		{8AFC5FDC-7522-4D5C-9F34-BBCB19279CB0}.Release|ARM32.Build.0 = Release|ARM32
		{8AFC5FDC-7522-4D5C-9F34-BBCB19279CB0}.Release|ARM64.ActiveCfg = Release|ARM64
		{8AFC5FDC-7522-4D5C-9F34-BBCB19279CB0}.Release|ARM64.Build.0 = Release|ARM64
		{8AFC5FDC-7522-4D5C-9F34-BBCB19279CB0}.Release|x64.ActiveCfg = Release|x64
		{8AFC5FDC-7522-4D5C-9F34-BBCB19279CB0}.Release|x64.Build.0 = Release|x64
		{8AFC5FDC-7522-4D5C-9F34-BBCB19279CB0}.Release|x86.ActiveCfg = Release|x86
		{8AFC5FDC-7522-4D5C-9F34-BBCB19279CB0}.Release|x86.Build.0 = Release|x86
	EndGlobalSection
	GlobalSection(SolutionProperties) = preSolution
		HideSolutionNode = FALSE
	EndGlobalSection
	GlobalSection(NestedProjects) = preSolution
		{3E67B7BC-FFE9-4590-99DB-A13E6EF7F3DE} = {9426EDDC-C6AE-418A-9230-A035D0D7D2AB}
		{5B5670D7-84C0-41DF-A637-FF35A9C82E24} = {3E67B7BC-FFE9-4590-99DB-A13E6EF7F3DE}
		{93A2B671-0CA9-4424-9649-531CBB588097} = {9426EDDC-C6AE-418A-9230-A035D0D7D2AB}
		{DE0F8D8A-D9B6-4560-8BD0-B1C9F6791750} = {93A2B671-0CA9-4424-9649-531CBB588097}
		{D8E436F3-4968-4B16-ADD4-43A7EC1F547E} = {93A2B671-0CA9-4424-9649-531CBB588097}
		{92BC349A-F8DD-4957-ACB0-FA512305D36A} = {93A2B671-0CA9-4424-9649-531CBB588097}
		{9B3BF751-5909-4767-8B81-4400BCD4C935} = {20AE259F-6916-4DCA-85AB-FA2C73BECCA4}
		{458F17D8-A49E-4089-8F49-0E20AAA5282A} = {9B3BF751-5909-4767-8B81-4400BCD4C935}
		{282BA677-346B-4A08-881D-70D16A83061C} = {9B3BF751-5909-4767-8B81-4400BCD4C935}
		{96303E84-ED8C-427A-A2EF-4EEC9CA9FEA7} = {9B3BF751-5909-4767-8B81-4400BCD4C935}
		{E8D411B9-B699-4F20-8610-4FB77CC132CE} = {3E67B7BC-FFE9-4590-99DB-A13E6EF7F3DE}
		{AF220913-E51C-44C4-B17F-8AD0F1FB7E6F} = {20AE259F-6916-4DCA-85AB-FA2C73BECCA4}
		{AA920819-39DB-4ABC-B0BD-B633492EBF3A} = {AF220913-E51C-44C4-B17F-8AD0F1FB7E6F}
		{FDCD27FE-1449-4E62-97B9-B6551C0389B7} = {A72343B7-32F2-4D60-8471-684BC7CA727A}
		{E7B49A5A-F2D5-437A-A65B-1602FCF3A8D7} = {96303E84-ED8C-427A-A2EF-4EEC9CA9FEA7}
		{F2B36E09-4641-47FD-895D-BA5BB8CC0D14} = {9B3BF751-5909-4767-8B81-4400BCD4C935}
		{8AFC5FDC-7522-4D5C-9F34-BBCB19279CB0} = {96303E84-ED8C-427A-A2EF-4EEC9CA9FEA7}
	EndGlobalSection
	GlobalSection(ExtensibilityGlobals) = postSolution
		SolutionGuid = {5387F690-6D0E-4BF5-8594-BB638F15184F}
	EndGlobalSection
EndGlobal
